
Microsoft Visual Studio Solution File, Format Version 12.00
# Visual Studio Version 16
VisualStudioVersion = 16.0.29806.167
MinimumVisualStudioVersion = 10.0.40219.1
Project("{9A19103F-16F7-4668-BE54-9A1E7A4F7556}") = "DiskSearch", "DiskSearch\DiskSearch.csproj", "{57EC5AA0-ABE6-4ED7-80F5-18EBB70EEE94}"
EndProject
Project("{9A19103F-16F7-4668-BE54-9A1E7A4F7556}") = "Database", "Database\Database.csproj", "{0FBD4480-7D6B-4B01-BE09-9AF8707FBF56}"
EndProject
Project("{9A19103F-16F7-4668-BE54-9A1E7A4F7556}") = "DocReader", "DocReader\DocReader.csproj", "{DE78999C-41A2-47A4-8116-B3406B58950C}"
EndProject
Project("{9A19103F-16F7-4668-BE54-9A1E7A4F7556}") = "DocReader.Test", "DocReader.Test\DocReader.Test.csproj", "{A22C79A8-854E-4507-947D-D803F602411A}"
EndProject
Project("{9A19103F-16F7-4668-BE54-9A1E7A4F7556}") = "Database.Test", "Database.Test\Database.Test.csproj", "{9BC46084-8F70-44DB-9B1A-FCB828C7EB1D}"
EndProject
Project("{FAE04EC0-301F-11D3-BF4B-00C04F79EFBC}") = "TinyPinyin", "TinyPinyin\TinyPinyin.csproj", "{24E595F9-3FC3-48F2-B00B-5D42521A3CA8}"
EndProject
Project("{FAE04EC0-301F-11D3-BF4B-00C04F79EFBC}") = "DiskSearch.Web", "DiskSearch.Web\DiskSearch.Web.csproj", "{49A11A65-0A6A-4D3F-9EFA-10E06579A1F5}"
EndProject
Global
	GlobalSection(SolutionConfigurationPlatforms) = preSolution
		Debug|Any CPU = Debug|Any CPU
		Release|Any CPU = Release|Any CPU
	EndGlobalSection
	GlobalSection(ProjectConfigurationPlatforms) = postSolution
		{57EC5AA0-ABE6-4ED7-80F5-18EBB70EEE94}.Debug|Any CPU.ActiveCfg = Debug|Any CPU
		{57EC5AA0-ABE6-4ED7-80F5-18EBB70EEE94}.Debug|Any CPU.Build.0 = Debug|Any CPU
		{57EC5AA0-ABE6-4ED7-80F5-18EBB70EEE94}.Release|Any CPU.ActiveCfg = Release|Any CPU
		{57EC5AA0-ABE6-4ED7-80F5-18EBB70EEE94}.Release|Any CPU.Build.0 = Release|Any CPU
		{0FBD4480-7D6B-4B01-BE09-9AF8707FBF56}.Debug|Any CPU.ActiveCfg = Debug|Any CPU
		{0FBD4480-7D6B-4B01-BE09-9AF8707FBF56}.Debug|Any CPU.Build.0 = Debug|Any CPU
		{0FBD4480-7D6B-4B01-BE09-9AF8707FBF56}.Release|Any CPU.ActiveCfg = Release|Any CPU
		{0FBD4480-7D6B-4B01-BE09-9AF8707FBF56}.Release|Any CPU.Build.0 = Release|Any CPU
		{DE78999C-41A2-47A4-8116-B3406B58950C}.Debug|Any CPU.ActiveCfg = Debug|Any CPU
		{DE78999C-41A2-47A4-8116-B3406B58950C}.Debug|Any CPU.Build.0 = Debug|Any CPU
		{DE78999C-41A2-47A4-8116-B3406B58950C}.Release|Any CPU.ActiveCfg = Release|Any CPU
		{DE78999C-41A2-47A4-8116-B3406B58950C}.Release|Any CPU.Build.0 = Release|Any CPU
		{A22C79A8-854E-4507-947D-D803F602411A}.Debug|Any CPU.ActiveCfg = Debug|Any CPU
		{A22C79A8-854E-4507-947D-D803F602411A}.Debug|Any CPU.Build.0 = Debug|Any CPU
		{A22C79A8-854E-4507-947D-D803F602411A}.Release|Any CPU.ActiveCfg = Release|Any CPU
		{A22C79A8-854E-4507-947D-D803F602411A}.Release|Any CPU.Build.0 = Release|Any CPU
		{9BC46084-8F70-44DB-9B1A-FCB828C7EB1D}.Debug|Any CPU.ActiveCfg = Debug|Any CPU
		{9BC46084-8F70-44DB-9B1A-FCB828C7EB1D}.Debug|Any CPU.Build.0 = Debug|Any CPU
		{9BC46084-8F70-44DB-9B1A-FCB828C7EB1D}.Release|Any CPU.ActiveCfg = Release|Any CPU
		{9BC46084-8F70-44DB-9B1A-FCB828C7EB1D}.Release|Any CPU.Build.0 = Release|Any CPU
		{24E595F9-3FC3-48F2-B00B-5D42521A3CA8}.Debug|Any CPU.ActiveCfg = Debug|Any CPU
		{24E595F9-3FC3-48F2-B00B-5D42521A3CA8}.Debug|Any CPU.Build.0 = Debug|Any CPU
		{24E595F9-3FC3-48F2-B00B-5D42521A3CA8}.Release|Any CPU.ActiveCfg = Release|Any CPU
		{24E595F9-3FC3-48F2-B00B-5D42521A3CA8}.Release|Any CPU.Build.0 = Release|Any CPU
		{49A11A65-0A6A-4D3F-9EFA-10E06579A1F5}.Debug|Any CPU.ActiveCfg = Debug|Any CPU
		{49A11A65-0A6A-4D3F-9EFA-10E06579A1F5}.Debug|Any CPU.Build.0 = Debug|Any CPU
		{49A11A65-0A6A-4D3F-9EFA-10E06579A1F5}.Release|Any CPU.ActiveCfg = Release|Any CPU
		{49A11A65-0A6A-4D3F-9EFA-10E06579A1F5}.Release|Any CPU.Build.0 = Release|Any CPU
	EndGlobalSection
	GlobalSection(SolutionProperties) = preSolution
		HideSolutionNode = FALSE
	EndGlobalSection
	GlobalSection(ExtensibilityGlobals) = postSolution
		SolutionGuid = {90A9D6D4-D579-41D1-877C-2A3A36D59702}
	EndGlobalSection
EndGlobal
