
Microsoft Visual Studio Solution File, Format Version 12.00
# Visual Studio Version 16
VisualStudioVersion = 16.0.29806.167
MinimumVisualStudioVersion = 10.0.40219.1
Project("{9A19103F-16F7-4668-BE54-9A1E7A4F7556}") = "DiskSearch", "DiskSearch\DiskSearch.csproj", "{57EC5AA0-ABE6-4ED7-80F5-18EBB70EEE94}"
EndProject
Project("{9A19103F-16F7-4668-BE54-9A1E7A4F7556}") = "Database", "Database\Database.csproj", "{0FBD4480-7D6B-4B01-BE09-9AF8707FBF56}"
EndProject
Project("{9A19103F-16F7-4668-BE54-9A1E7A4F7556}") = "DocReader", "DocReader\DocReader.csproj", "{DE78999C-41A2-47A4-8116-B3406B58950C}"
EndProject
Project("{9A19103F-16F7-4668-BE54-9A1E7A4F7556}") = "DocReader.Test", "DocReader.Test\DocReader.Test.csproj", "{A22C79A8-854E-4507-947D-D803F602411A}"
EndProject
Project("{9A19103F-16F7-4668-BE54-9A1E7A4F7556}") = "Database.Test", "Database.Test\Database.Test.csproj", "{9BC46084-8F70-44DB-9B1A-FCB828C7EB1D}"
EndProject
Project("{9A19103F-16F7-4668-BE54-9A1E7A4F7556}") = "TinyPinyin", "TinyPinyin\TinyPinyin.csproj", "{24E595F9-3FC3-48F2-B00B-5D42521A3CA8}"
EndProject
Project("{9A19103F-16F7-4668-BE54-9A1E7A4F7556}") = "DiskSearch.GUI", "DiskSearch.GUI\DiskSearch.GUI.csproj", "{3796FCFC-56E7-4742-98A3-4391ECB0ED7C}"
EndProject
Project("{9A19103F-16F7-4668-BE54-9A1E7A4F7556}") = "MachineCode", "MachineCode\MachineCode.csproj", "{3EF51C56-668F-48F7-809C-F341ABB9E811}"
EndProject
Project("{9A19103F-16F7-4668-BE54-9A1E7A4F7556}") = "ImageReader", "ImageReader\ImageReader.csproj", "{788EA28F-109B-40F7-A5EA-A7D553AE129C}"
EndProject
Project("{9A19103F-16F7-4668-BE54-9A1E7A4F7556}") = "FileType", "FileType\FileType.csproj", "{35324AF4-4FF0-4951-B4C4-6ECED33F9724}"
EndProject
Project("{9A19103F-16F7-4668-BE54-9A1E7A4F7556}") = "DiskSearch.Worker", "DiskSearch.Worker\DiskSearch.Worker.csproj", "{031486E5-BCBF-402E-97D7-1E39BFC6844F}"
EndProject
Project("{FAE04EC0-301F-11D3-BF4B-00C04F79EFBC}") = "Utils", "Utils\Utils.csproj", "{82234072-A1BC-4791-92CA-A23E6AF0C782}"
EndProject
Global
	GlobalSection(SolutionConfigurationPlatforms) = preSolution
		Debug|Any CPU = Debug|Any CPU
		Release|Any CPU = Release|Any CPU
	EndGlobalSection
	GlobalSection(ProjectConfigurationPlatforms) = postSolution
		{57EC5AA0-ABE6-4ED7-80F5-18EBB70EEE94}.Debug|Any CPU.ActiveCfg = Debug|Any CPU
		{57EC5AA0-ABE6-4ED7-80F5-18EBB70EEE94}.Debug|Any CPU.Build.0 = Debug|Any CPU
		{57EC5AA0-ABE6-4ED7-80F5-18EBB70EEE94}.Release|Any CPU.ActiveCfg = Release|Any CPU
		{57EC5AA0-ABE6-4ED7-80F5-18EBB70EEE94}.Release|Any CPU.Build.0 = Release|Any CPU
		{0FBD4480-7D6B-4B01-BE09-9AF8707FBF56}.Debug|Any CPU.ActiveCfg = Debug|Any CPU
		{0FBD4480-7D6B-4B01-BE09-9AF8707FBF56}.Debug|Any CPU.Build.0 = Debug|Any CPU
		{0FBD4480-7D6B-4B01-BE09-9AF8707FBF56}.Release|Any CPU.ActiveCfg = Release|Any CPU
		{0FBD4480-7D6B-4B01-BE09-9AF8707FBF56}.Release|Any CPU.Build.0 = Release|Any CPU
		{DE78999C-41A2-47A4-8116-B3406B58950C}.Debug|Any CPU.ActiveCfg = Debug|Any CPU
		{DE78999C-41A2-47A4-8116-B3406B58950C}.Debug|Any CPU.Build.0 = Debug|Any CPU
		{DE78999C-41A2-47A4-8116-B3406B58950C}.Release|Any CPU.ActiveCfg = Release|Any CPU
		{DE78999C-41A2-47A4-8116-B3406B58950C}.Release|Any CPU.Build.0 = Release|Any CPU
		{A22C79A8-854E-4507-947D-D803F602411A}.Debug|Any CPU.ActiveCfg = Debug|Any CPU
		{A22C79A8-854E-4507-947D-D803F602411A}.Debug|Any CPU.Build.0 = Debug|Any CPU
		{A22C79A8-854E-4507-947D-D803F602411A}.Release|Any CPU.ActiveCfg = Release|Any CPU
		{A22C79A8-854E-4507-947D-D803F602411A}.Release|Any CPU.Build.0 = Release|Any CPU
		{9BC46084-8F70-44DB-9B1A-FCB828C7EB1D}.Debug|Any CPU.ActiveCfg = Debug|Any CPU
		{9BC46084-8F70-44DB-9B1A-FCB828C7EB1D}.Debug|Any CPU.Build.0 = Debug|Any CPU
		{9BC46084-8F70-44DB-9B1A-FCB828C7EB1D}.Release|Any CPU.ActiveCfg = Release|Any CPU
		{9BC46084-8F70-44DB-9B1A-FCB828C7EB1D}.Release|Any CPU.Build.0 = Release|Any CPU
		{24E595F9-3FC3-48F2-B00B-5D42521A3CA8}.Debug|Any CPU.ActiveCfg = Debug|Any CPU
		{24E595F9-3FC3-48F2-B00B-5D42521A3CA8}.Debug|Any CPU.Build.0 = Debug|Any CPU
		{24E595F9-3FC3-48F2-B00B-5D42521A3CA8}.Release|Any CPU.ActiveCfg = Release|Any CPU
		{24E595F9-3FC3-48F2-B00B-5D42521A3CA8}.Release|Any CPU.Build.0 = Release|Any CPU
		{3796FCFC-56E7-4742-98A3-4391ECB0ED7C}.Debug|Any CPU.ActiveCfg = Debug|Any CPU
		{3796FCFC-56E7-4742-98A3-4391ECB0ED7C}.Debug|Any CPU.Build.0 = Debug|Any CPU
		{3796FCFC-56E7-4742-98A3-4391ECB0ED7C}.Release|Any CPU.ActiveCfg = Release|Any CPU
		{3796FCFC-56E7-4742-98A3-4391ECB0ED7C}.Release|Any CPU.Build.0 = Release|Any CPU
		{3EF51C56-668F-48F7-809C-F341ABB9E811}.Debug|Any CPU.ActiveCfg = Debug|Any CPU
		{3EF51C56-668F-48F7-809C-F341ABB9E811}.Debug|Any CPU.Build.0 = Debug|Any CPU
		{3EF51C56-668F-48F7-809C-F341ABB9E811}.Release|Any CPU.ActiveCfg = Release|Any CPU
		{3EF51C56-668F-48F7-809C-F341ABB9E811}.Release|Any CPU.Build.0 = Release|Any CPU
		{788EA28F-109B-40F7-A5EA-A7D553AE129C}.Debug|Any CPU.ActiveCfg = Debug|Any CPU
		{788EA28F-109B-40F7-A5EA-A7D553AE129C}.Debug|Any CPU.Build.0 = Debug|Any CPU
		{788EA28F-109B-40F7-A5EA-A7D553AE129C}.Release|Any CPU.ActiveCfg = Release|Any CPU
		{788EA28F-109B-40F7-A5EA-A7D553AE129C}.Release|Any CPU.Build.0 = Release|Any CPU
		{35324AF4-4FF0-4951-B4C4-6ECED33F9724}.Debug|Any CPU.ActiveCfg = Debug|Any CPU
		{35324AF4-4FF0-4951-B4C4-6ECED33F9724}.Debug|Any CPU.Build.0 = Debug|Any CPU
		{35324AF4-4FF0-4951-B4C4-6ECED33F9724}.Release|Any CPU.ActiveCfg = Release|Any CPU
		{35324AF4-4FF0-4951-B4C4-6ECED33F9724}.Release|Any CPU.Build.0 = Release|Any CPU
		{031486E5-BCBF-402E-97D7-1E39BFC6844F}.Debug|Any CPU.ActiveCfg = Debug|Any CPU
		{031486E5-BCBF-402E-97D7-1E39BFC6844F}.Debug|Any CPU.Build.0 = Debug|Any CPU
		{031486E5-BCBF-402E-97D7-1E39BFC6844F}.Release|Any CPU.ActiveCfg = Release|Any CPU
		{031486E5-BCBF-402E-97D7-1E39BFC6844F}.Release|Any CPU.Build.0 = Release|Any CPU
		{82234072-A1BC-4791-92CA-A23E6AF0C782}.Debug|Any CPU.ActiveCfg = Debug|Any CPU
		{82234072-A1BC-4791-92CA-A23E6AF0C782}.Debug|Any CPU.Build.0 = Debug|Any CPU
		{82234072-A1BC-4791-92CA-A23E6AF0C782}.Release|Any CPU.ActiveCfg = Release|Any CPU
		{82234072-A1BC-4791-92CA-A23E6AF0C782}.Release|Any CPU.Build.0 = Release|Any CPU
	EndGlobalSection
	GlobalSection(SolutionProperties) = preSolution
		HideSolutionNode = FALSE
	EndGlobalSection
	GlobalSection(ExtensibilityGlobals) = postSolution
		SolutionGuid = {90A9D6D4-D579-41D1-877C-2A3A36D59702}
	EndGlobalSection
EndGlobal
